
Microsoft Visual Studio Solution File, Format Version 12.00
# Visual Studio Version 16
VisualStudioVersion = 16.0.810.8
MinimumVisualStudioVersion = 10.0.40219.1
Project("{FAE04EC0-301F-11D3-BF4B-00C04F79EFBC}") = "SQLiteNetConsoleTest", "SQLiteNetConsoleTest\SQLiteNetConsoleTest.csproj", "{10DE96F2-64E1-46FA-A382-9417AC3BBA1E}"
EndProject
Project("{FAE04EC0-301F-11D3-BF4B-00C04F79EFBC}") = "MeadowTest", "MeadowTest\MeadowTest.csproj", "{DDBF74DE-2264-4EC6-A939-5F16A6AF7DEF}"
EndProject
Project("{D954291E-2A0B-460D-934E-DC6B0785DB48}") = "SharedStuff", "SharedStuff\SharedStuff.shproj", "{457D81AD-83A5-4EFA-9C87-3037A3386CE6}"
EndProject
Global
	GlobalSection(SolutionConfigurationPlatforms) = preSolution
		Debug|anycpu = Debug|anycpu
		Release|anycpu = Release|anycpu
	EndGlobalSection
	GlobalSection(ProjectConfigurationPlatforms) = postSolution
		{10DE96F2-64E1-46FA-A382-9417AC3BBA1E}.Debug|anycpu.ActiveCfg = Debug|anycpu
		{10DE96F2-64E1-46FA-A382-9417AC3BBA1E}.Debug|anycpu.Build.0 = Debug|anycpu
		{10DE96F2-64E1-46FA-A382-9417AC3BBA1E}.Release|anycpu.ActiveCfg = Release|anycpu
		{10DE96F2-64E1-46FA-A382-9417AC3BBA1E}.Release|anycpu.Build.0 = Release|anycpu
		{DDBF74DE-2264-4EC6-A939-5F16A6AF7DEF}.Debug|anycpu.ActiveCfg = Debug|Any CPU
		{DDBF74DE-2264-4EC6-A939-5F16A6AF7DEF}.Debug|anycpu.Build.0 = Debug|Any CPU
		{DDBF74DE-2264-4EC6-A939-5F16A6AF7DEF}.Release|anycpu.ActiveCfg = Release|Any CPU
		{DDBF74DE-2264-4EC6-A939-5F16A6AF7DEF}.Release|anycpu.Build.0 = Release|Any CPU
	EndGlobalSection
	GlobalSection(SolutionProperties) = preSolution
		HideSolutionNode = FALSE
	EndGlobalSection
	GlobalSection(ExtensibilityGlobals) = postSolution
		SolutionGuid = {63A12E42-D1DE-41EA-BCC3-4ADDEBBB3D6D}
	EndGlobalSection
EndGlobal
