
Microsoft Visual Studio Solution File, Format Version 12.00
# Visual Studio Version 16
VisualStudioVersion = 16.0.30104.148
MinimumVisualStudioVersion = 10.0.40219.1
Project("{FAE04EC0-301F-11D3-BF4B-00C04F79EFBC}") = "HelloMeadowFoundation", "HelloMeadowFoundation\HelloMeadowFoundation.csproj", "{6F80413C-EFE4-4721-8A63-14F086676D72}"
EndProject
Global
	GlobalSection(SolutionConfigurationPlatforms) = preSolution
		Debug|Any CPU = Debug|Any CPU
		Release|Any CPU = Release|Any CPU
	EndGlobalSection
	GlobalSection(ProjectConfigurationPlatforms) = postSolution
		{6F80413C-EFE4-4721-8A63-14F086676D72}.Debug|Any CPU.ActiveCfg = Debug|Any CPU
		{6F80413C-EFE4-4721-8A63-14F086676D72}.Debug|Any CPU.Build.0 = Debug|Any CPU
		{6F80413C-EFE4-4721-8A63-14F086676D72}.Debug|Any CPU.Deploy.0 = Debug|Any CPU
		{6F80413C-EFE4-4721-8A63-14F086676D72}.Release|Any CPU.ActiveCfg = Release|Any CPU
		{6F80413C-EFE4-4721-8A63-14F086676D72}.Release|Any CPU.Build.0 = Release|Any CPU
		{6F80413C-EFE4-4721-8A63-14F086676D72}.Release|Any CPU.Deploy.0 = Release|Any CPU
	EndGlobalSection
	GlobalSection(SolutionProperties) = preSolution
		HideSolutionNode = FALSE
	EndGlobalSection
	GlobalSection(ExtensibilityGlobals) = postSolution
		SolutionGuid = {61981D0B-DE96-4C9B-9F0A-789636201EE1}
	EndGlobalSection
EndGlobal
